// !$*UTF8*$!
{
	archiveVersion = 1;
	classes = {
	};
	objectVersion = 46;
	objects = {

/* Begin PBXBuildFile section */
		632F101C16A8D404005B8537 /* ALDSimpleInterstitialController.m in Resources */ = {isa = PBXBuildFile; fileRef = 632F101A16A8D404005B8537 /* ALDSimpleInterstitialController.m */; };
		632F101D16A8D404005B8537 /* ALDSimpleInterstitialController.xib in Resources */ = {isa = PBXBuildFile; fileRef = 632F101B16A8D404005B8537 /* ALDSimpleInterstitialController.xib */; };
		632F102616A8D5B8005B8537 /* ALDAppDelegate.h in Sources */ = {isa = PBXBuildFile; fileRef = FD293E83154A30F5009DF377 /* ALDAppDelegate.h */; };
		632F102716A8D5B8005B8537 /* ALDCustomBannerController.h in Sources */ = {isa = PBXBuildFile; fileRef = FD1E5BFD154F4AFB00341290 /* ALDCustomBannerController.h */; };
		632F102816A8D5B8005B8537 /* ALDCustomBannerController.xib in Sources */ = {isa = PBXBuildFile; fileRef = FD1E5BFF154F4AFB00341290 /* ALDCustomBannerController.xib */; };
		632F102916A8D5B8005B8537 /* ALDSimpleBannerController.h in Sources */ = {isa = PBXBuildFile; fileRef = FD293E86154A30F5009DF377 /* ALDSimpleBannerController.h */; };
		632F102A16A8D5B8005B8537 /* ALDSimpleInterstitialController.h in Sources */ = {isa = PBXBuildFile; fileRef = 632F101916A8D404005B8537 /* ALDSimpleInterstitialController.h */; };
		632F102B16A8D5B8005B8537 /* ALDSimpleInterstitialController.m in Sources */ = {isa = PBXBuildFile; fileRef = 632F101A16A8D404005B8537 /* ALDSimpleInterstitialController.m */; };
		632F102C16A8D5B8005B8537 /* ALDSimpleInterstitialController.xib in Sources */ = {isa = PBXBuildFile; fileRef = 632F101B16A8D404005B8537 /* ALDSimpleInterstitialController.xib */; };
		635422E216AF43CC001F0E95 /* ALDCustomInterstitialController.m in Sources */ = {isa = PBXBuildFile; fileRef = 635422E016AF43CC001F0E95 /* ALDCustomInterstitialController.m */; };
		635422E316AF43CC001F0E95 /* ALDCustomInterstitialController.xib in Resources */ = {isa = PBXBuildFile; fileRef = 635422E116AF43CC001F0E95 /* ALDCustomInterstitialController.xib */; };
		FD1E5C00154F4AFB00341290 /* ALDCustomBannerController.m in Sources */ = {isa = PBXBuildFile; fileRef = FD1E5BFE154F4AFB00341290 /* ALDCustomBannerController.m */; };
		FD1E5C01154F4AFB00341290 /* ALDCustomBannerController.xib in Resources */ = {isa = PBXBuildFile; fileRef = FD1E5BFF154F4AFB00341290 /* ALDCustomBannerController.xib */; };
		FD232686166FD5FF00E01C0B /* SystemConfiguration.framework in Frameworks */ = {isa = PBXBuildFile; fileRef = FD232685166FD5FF00E01C0B /* SystemConfiguration.framework */; settings = {ATTRIBUTES = (Required, ); }; };
		FD232688166FD60700E01C0B /* AdSupport.framework in Frameworks */ = {isa = PBXBuildFile; fileRef = FD232687166FD60700E01C0B /* AdSupport.framework */; settings = {ATTRIBUTES = (Weak, ); }; };
		FD23268A166FD61400E01C0B /* CoreTelephony.framework in Frameworks */ = {isa = PBXBuildFile; fileRef = FD232689166FD61400E01C0B /* CoreTelephony.framework */; settings = {ATTRIBUTES = (Weak, ); }; };
		FD25788117C69E1300C9D706 /* MediaPlayer.framework in Frameworks */ = {isa = PBXBuildFile; fileRef = FD25788017C69E1300C9D706 /* MediaPlayer.framework */; };
		FD25788317C69E8300C9D706 /* applovin_headers_here in Resources */ = {isa = PBXBuildFile; fileRef = FD25788217C69E8300C9D706 /* applovin_headers_here */; };
		FD25788517C69F0400C9D706 /* applovin_a_here in Resources */ = {isa = PBXBuildFile; fileRef = FD25788417C69F0400C9D706 /* applovin_a_here */; };
		FD293E75154A30F5009DF377 /* UIKit.framework in Frameworks */ = {isa = PBXBuildFile; fileRef = FD293E74154A30F5009DF377 /* UIKit.framework */; };
		FD293E77154A30F5009DF377 /* Foundation.framework in Frameworks */ = {isa = PBXBuildFile; fileRef = FD293E76154A30F5009DF377 /* Foundation.framework */; };
		FD293E79154A30F5009DF377 /* CoreGraphics.framework in Frameworks */ = {isa = PBXBuildFile; fileRef = FD293E78154A30F5009DF377 /* CoreGraphics.framework */; };
		FD293E7F154A30F5009DF377 /* InfoPlist.strings in Resources */ = {isa = PBXBuildFile; fileRef = FD293E7D154A30F5009DF377 /* InfoPlist.strings */; };
		FD293E81154A30F5009DF377 /* main.m in Sources */ = {isa = PBXBuildFile; fileRef = FD293E80154A30F5009DF377 /* main.m */; };
		FD293E85154A30F5009DF377 /* ALDAppDelegate.m in Sources */ = {isa = PBXBuildFile; fileRef = FD293E84154A30F5009DF377 /* ALDAppDelegate.m */; };
		FD293E88154A30F5009DF377 /* ALDSimpleBannerController.m in Sources */ = {isa = PBXBuildFile; fileRef = FD293E87154A30F5009DF377 /* ALDSimpleBannerController.m */; };
		FD293E8B154A30F5009DF377 /* ALDSimpleBannerController.xib in Resources */ = {isa = PBXBuildFile; fileRef = FD293E89154A30F5009DF377 /* ALDSimpleBannerController.xib */; };
		FDD35A431756B5540002CF85 /* StoreKit.framework in Frameworks */ = {isa = PBXBuildFile; fileRef = FDD35A421756B5540002CF85 /* StoreKit.framework */; settings = {ATTRIBUTES = (Weak, ); }; };
/* End PBXBuildFile section */

/* Begin PBXFileReference section */
		6320BB9816AE164E00A2A34F /* DFPBannerView.h */ = {isa = PBXFileReference; lastKnownFileType = sourcecode.c.h; path = DFPBannerView.h; sourceTree = "<group>"; };
		6320BB9916AE164E00A2A34F /* DFPExtras.h */ = {isa = PBXFileReference; lastKnownFileType = sourcecode.c.h; path = DFPExtras.h; sourceTree = "<group>"; };
		6320BB9A16AE164E00A2A34F /* DFPInterstitial.h */ = {isa = PBXFileReference; lastKnownFileType = sourcecode.c.h; path = DFPInterstitial.h; sourceTree = "<group>"; };
		6320BB9B16AE164E00A2A34F /* GADAdSizeDelegate.h */ = {isa = PBXFileReference; lastKnownFileType = sourcecode.c.h; path = GADAdSizeDelegate.h; sourceTree = "<group>"; };
		6320BB9C16AE164E00A2A34F /* GADAppEventDelegate.h */ = {isa = PBXFileReference; lastKnownFileType = sourcecode.c.h; path = GADAppEventDelegate.h; sourceTree = "<group>"; };
		6320BB9E16AE164E00A2A34F /* Changelog.txt */ = {isa = PBXFileReference; lastKnownFileType = text; path = Changelog.txt; sourceTree = "<group>"; };
		6320BBA116AE164E00A2A34F /* GAI.html */ = {isa = PBXFileReference; lastKnownFileType = text.html.documentation; path = GAI.html; sourceTree = "<group>"; };
		6320BBA216AE164E00A2A34F /* GAITrackedViewController.html */ = {isa = PBXFileReference; lastKnownFileType = text.html.documentation; path = GAITrackedViewController.html; sourceTree = "<group>"; };
		6320BBA316AE164E00A2A34F /* GAITransaction.html */ = {isa = PBXFileReference; lastKnownFileType = text.html.documentation; path = GAITransaction.html; sourceTree = "<group>"; };
		6320BBA416AE164E00A2A34F /* GAITransactionItem.html */ = {isa = PBXFileReference; lastKnownFileType = text.html.documentation; path = GAITransactionItem.html; sourceTree = "<group>"; };
		6320BBA616AE164E00A2A34F /* styles.css */ = {isa = PBXFileReference; lastKnownFileType = text.css; path = styles.css; sourceTree = "<group>"; };
		6320BBA716AE164E00A2A34F /* stylesPrint.css */ = {isa = PBXFileReference; lastKnownFileType = text.css; path = stylesPrint.css; sourceTree = "<group>"; };
		6320BBA816AE164E00A2A34F /* hierarchy.html */ = {isa = PBXFileReference; lastKnownFileType = text.html.documentation; path = hierarchy.html; sourceTree = "<group>"; };
		6320BBAA16AE164E00A2A34F /* button_bar_background.png */ = {isa = PBXFileReference; lastKnownFileType = image.png; path = button_bar_background.png; sourceTree = "<group>"; };
		6320BBAB16AE164E00A2A34F /* disclosure.png */ = {isa = PBXFileReference; lastKnownFileType = image.png; path = disclosure.png; sourceTree = "<group>"; };
		6320BBAC16AE164E00A2A34F /* disclosure_open.png */ = {isa = PBXFileReference; lastKnownFileType = image.png; path = disclosure_open.png; sourceTree = "<group>"; };
		6320BBAD16AE164E00A2A34F /* library_background.png */ = {isa = PBXFileReference; lastKnownFileType = image.png; path = library_background.png; sourceTree = "<group>"; };
		6320BBAE16AE164E00A2A34F /* title_background.png */ = {isa = PBXFileReference; lastKnownFileType = image.png; path = title_background.png; sourceTree = "<group>"; };
		6320BBAF16AE164E00A2A34F /* index.html */ = {isa = PBXFileReference; lastKnownFileType = text.html.documentation; path = index.html; sourceTree = "<group>"; };
		6320BBB116AE164E00A2A34F /* GAITracker.html */ = {isa = PBXFileReference; lastKnownFileType = text.html.documentation; path = GAITracker.html; sourceTree = "<group>"; };
		6320BBDC16AE164E00A2A34F /* GAI.h */ = {isa = PBXFileReference; lastKnownFileType = sourcecode.c.h; path = GAI.h; sourceTree = "<group>"; };
		6320BBDD16AE164E00A2A34F /* GAITrackedViewController.h */ = {isa = PBXFileReference; lastKnownFileType = sourcecode.c.h; path = GAITrackedViewController.h; sourceTree = "<group>"; };
		6320BBDE16AE164E00A2A34F /* GAITracker.h */ = {isa = PBXFileReference; lastKnownFileType = sourcecode.c.h; path = GAITracker.h; sourceTree = "<group>"; };
		6320BBDF16AE164E00A2A34F /* GAITransaction.h */ = {isa = PBXFileReference; lastKnownFileType = sourcecode.c.h; path = GAITransaction.h; sourceTree = "<group>"; };
		6320BBE016AE164E00A2A34F /* GAITransactionItem.h */ = {isa = PBXFileReference; lastKnownFileType = sourcecode.c.h; path = GAITransactionItem.h; sourceTree = "<group>"; };
		6320BBE116AE164E00A2A34F /* libGoogleAnalytics.a */ = {isa = PBXFileReference; lastKnownFileType = archive.ar; path = libGoogleAnalytics.a; sourceTree = "<group>"; };
		6320BBE216AE164E00A2A34F /* libGoogleAnalytics_debug.a */ = {isa = PBXFileReference; lastKnownFileType = archive.ar; path = libGoogleAnalytics_debug.a; sourceTree = "<group>"; };
		6320BBE316AE164E00A2A34F /* Readme.txt */ = {isa = PBXFileReference; lastKnownFileType = text; path = Readme.txt; sourceTree = "<group>"; };
		6320BBE516AE164E00A2A34F /* GADCustomEventBanner.h */ = {isa = PBXFileReference; lastKnownFileType = sourcecode.c.h; path = GADCustomEventBanner.h; sourceTree = "<group>"; };
		6320BBE616AE164E00A2A34F /* GADCustomEventBannerDelegate.h */ = {isa = PBXFileReference; lastKnownFileType = sourcecode.c.h; path = GADCustomEventBannerDelegate.h; sourceTree = "<group>"; };
		6320BBE716AE164E00A2A34F /* GADCustomEventExtras.h */ = {isa = PBXFileReference; lastKnownFileType = sourcecode.c.h; path = GADCustomEventExtras.h; sourceTree = "<group>"; };
		6320BBE816AE164E00A2A34F /* GADCustomEventInterstitial.h */ = {isa = PBXFileReference; lastKnownFileType = sourcecode.c.h; path = GADCustomEventInterstitial.h; sourceTree = "<group>"; };
		6320BBE916AE164E00A2A34F /* GADCustomEventInterstitialDelegate.h */ = {isa = PBXFileReference; lastKnownFileType = sourcecode.c.h; path = GADCustomEventInterstitialDelegate.h; sourceTree = "<group>"; };
		6320BBEA16AE164E00A2A34F /* GADCustomEventRequest.h */ = {isa = PBXFileReference; lastKnownFileType = sourcecode.c.h; path = GADCustomEventRequest.h; sourceTree = "<group>"; };
		6320BBEC16AE164E00A2A34F /* GADSearchBannerView.h */ = {isa = PBXFileReference; lastKnownFileType = sourcecode.c.h; path = GADSearchBannerView.h; sourceTree = "<group>"; };
		6320BBED16AE164E00A2A34F /* GADSearchRequest.h */ = {isa = PBXFileReference; lastKnownFileType = sourcecode.c.h; path = GADSearchRequest.h; sourceTree = "<group>"; };
		6320BBEE16AE164E00A2A34F /* GADAdMobExtras.h */ = {isa = PBXFileReference; lastKnownFileType = sourcecode.c.h; path = GADAdMobExtras.h; sourceTree = "<group>"; };
		6320BBEF16AE164E00A2A34F /* GADAdNetworkExtras.h */ = {isa = PBXFileReference; lastKnownFileType = sourcecode.c.h; path = GADAdNetworkExtras.h; sourceTree = "<group>"; };
		6320BBF016AE164E00A2A34F /* GADAdSize.h */ = {isa = PBXFileReference; lastKnownFileType = sourcecode.c.h; path = GADAdSize.h; sourceTree = "<group>"; };
		6320BBF116AE164E00A2A34F /* GADBannerView.h */ = {isa = PBXFileReference; lastKnownFileType = sourcecode.c.h; path = GADBannerView.h; sourceTree = "<group>"; };
		6320BBF216AE164E00A2A34F /* GADBannerViewDelegate.h */ = {isa = PBXFileReference; lastKnownFileType = sourcecode.c.h; path = GADBannerViewDelegate.h; sourceTree = "<group>"; };
		6320BBF316AE164E00A2A34F /* GADInterstitial.h */ = {isa = PBXFileReference; lastKnownFileType = sourcecode.c.h; path = GADInterstitial.h; sourceTree = "<group>"; };
		6320BBF416AE164E00A2A34F /* GADInterstitialDelegate.h */ = {isa = PBXFileReference; lastKnownFileType = sourcecode.c.h; path = GADInterstitialDelegate.h; sourceTree = "<group>"; };
		6320BBF516AE164E00A2A34F /* GADRequest.h */ = {isa = PBXFileReference; lastKnownFileType = sourcecode.c.h; path = GADRequest.h; sourceTree = "<group>"; };
		6320BBF616AE164E00A2A34F /* GADRequestError.h */ = {isa = PBXFileReference; lastKnownFileType = sourcecode.c.h; path = GADRequestError.h; sourceTree = "<group>"; };
		6320BBF816AE164E00A2A34F /* README.txt */ = {isa = PBXFileReference; lastKnownFileType = text; path = README.txt; sourceTree = "<group>"; };
		632F101916A8D404005B8537 /* ALDSimpleInterstitialController.h */ = {isa = PBXFileReference; fileEncoding = 4; lastKnownFileType = sourcecode.c.h; path = ALDSimpleInterstitialController.h; sourceTree = "<group>"; };
		632F101A16A8D404005B8537 /* ALDSimpleInterstitialController.m */ = {isa = PBXFileReference; fileEncoding = 4; lastKnownFileType = sourcecode.c.objc; path = ALDSimpleInterstitialController.m; sourceTree = "<group>"; };
		632F101B16A8D404005B8537 /* ALDSimpleInterstitialController.xib */ = {isa = PBXFileReference; fileEncoding = 4; lastKnownFileType = file.xib; path = ALDSimpleInterstitialController.xib; sourceTree = "<group>"; };
		635422DF16AF43CC001F0E95 /* ALDCustomInterstitialController.h */ = {isa = PBXFileReference; fileEncoding = 4; lastKnownFileType = sourcecode.c.h; path = ALDCustomInterstitialController.h; sourceTree = "<group>"; };
		635422E016AF43CC001F0E95 /* ALDCustomInterstitialController.m */ = {isa = PBXFileReference; fileEncoding = 4; lastKnownFileType = sourcecode.c.objc; path = ALDCustomInterstitialController.m; sourceTree = "<group>"; };
		635422E116AF43CC001F0E95 /* ALDCustomInterstitialController.xib */ = {isa = PBXFileReference; fileEncoding = 4; lastKnownFileType = file.xib; path = ALDCustomInterstitialController.xib; sourceTree = "<group>"; };
		FD1E5BFD154F4AFB00341290 /* ALDCustomBannerController.h */ = {isa = PBXFileReference; fileEncoding = 4; lastKnownFileType = sourcecode.c.h; path = ALDCustomBannerController.h; sourceTree = "<group>"; };
		FD1E5BFE154F4AFB00341290 /* ALDCustomBannerController.m */ = {isa = PBXFileReference; fileEncoding = 4; lastKnownFileType = sourcecode.c.objc; path = ALDCustomBannerController.m; sourceTree = "<group>"; };
		FD1E5BFF154F4AFB00341290 /* ALDCustomBannerController.xib */ = {isa = PBXFileReference; fileEncoding = 4; lastKnownFileType = file.xib; path = ALDCustomBannerController.xib; sourceTree = "<group>"; };
		FD232682166FD5F500E01C0B /* CoreLocation.framework */ = {isa = PBXFileReference; lastKnownFileType = wrapper.framework; name = CoreLocation.framework; path = System/Library/Frameworks/CoreLocation.framework; sourceTree = SDKROOT; };
		FD232685166FD5FF00E01C0B /* SystemConfiguration.framework */ = {isa = PBXFileReference; lastKnownFileType = wrapper.framework; name = SystemConfiguration.framework; path = System/Library/Frameworks/SystemConfiguration.framework; sourceTree = SDKROOT; };
		FD232687166FD60700E01C0B /* AdSupport.framework */ = {isa = PBXFileReference; lastKnownFileType = wrapper.framework; name = AdSupport.framework; path = System/Library/Frameworks/AdSupport.framework; sourceTree = SDKROOT; };
		FD232689166FD61400E01C0B /* CoreTelephony.framework */ = {isa = PBXFileReference; lastKnownFileType = wrapper.framework; name = CoreTelephony.framework; path = System/Library/Frameworks/CoreTelephony.framework; sourceTree = SDKROOT; };
		FD25788017C69E1300C9D706 /* MediaPlayer.framework */ = {isa = PBXFileReference; lastKnownFileType = wrapper.framework; name = MediaPlayer.framework; path = System/Library/Frameworks/MediaPlayer.framework; sourceTree = SDKROOT; };
		FD25788217C69E8300C9D706 /* applovin_headers_here */ = {isa = PBXFileReference; fileEncoding = 4; lastKnownFileType = text; path = applovin_headers_here; sourceTree = "<group>"; };
		FD25788417C69F0400C9D706 /* applovin_a_here */ = {isa = PBXFileReference; fileEncoding = 4; lastKnownFileType = text; path = applovin_a_here; sourceTree = "<group>"; };
		FD293E70154A30F5009DF377 /* AppLovin-iPhone-SDK-DemoApp.app */ = {isa = PBXFileReference; explicitFileType = wrapper.application; includeInIndex = 0; path = "AppLovin-iPhone-SDK-DemoApp.app"; sourceTree = BUILT_PRODUCTS_DIR; };
		FD293E74154A30F5009DF377 /* UIKit.framework */ = {isa = PBXFileReference; lastKnownFileType = wrapper.framework; name = UIKit.framework; path = System/Library/Frameworks/UIKit.framework; sourceTree = SDKROOT; };
		FD293E76154A30F5009DF377 /* Foundation.framework */ = {isa = PBXFileReference; lastKnownFileType = wrapper.framework; name = Foundation.framework; path = System/Library/Frameworks/Foundation.framework; sourceTree = SDKROOT; };
		FD293E78154A30F5009DF377 /* CoreGraphics.framework */ = {isa = PBXFileReference; lastKnownFileType = wrapper.framework; name = CoreGraphics.framework; path = System/Library/Frameworks/CoreGraphics.framework; sourceTree = SDKROOT; };
		FD293E7C154A30F5009DF377 /* AppLovin-iPhone-SDK-DemoApp-Info.plist */ = {isa = PBXFileReference; lastKnownFileType = text.plist.xml; path = "AppLovin-iPhone-SDK-DemoApp-Info.plist"; sourceTree = "<group>"; };
		FD293E7E154A30F5009DF377 /* en */ = {isa = PBXFileReference; lastKnownFileType = text.plist.strings; name = en; path = en.lproj/InfoPlist.strings; sourceTree = "<group>"; };
		FD293E80154A30F5009DF377 /* main.m */ = {isa = PBXFileReference; lastKnownFileType = sourcecode.c.objc; path = main.m; sourceTree = "<group>"; };
		FD293E82154A30F5009DF377 /* AppLovin-iPhone-SDK-DemoApp-Prefix.pch */ = {isa = PBXFileReference; lastKnownFileType = sourcecode.c.h; path = "AppLovin-iPhone-SDK-DemoApp-Prefix.pch"; sourceTree = "<group>"; };
		FD293E83154A30F5009DF377 /* ALDAppDelegate.h */ = {isa = PBXFileReference; lastKnownFileType = sourcecode.c.h; path = ALDAppDelegate.h; sourceTree = "<group>"; };
		FD293E84154A30F5009DF377 /* ALDAppDelegate.m */ = {isa = PBXFileReference; lastKnownFileType = sourcecode.c.objc; path = ALDAppDelegate.m; sourceTree = "<group>"; };
		FD293E86154A30F5009DF377 /* ALDSimpleBannerController.h */ = {isa = PBXFileReference; lastKnownFileType = sourcecode.c.h; path = ALDSimpleBannerController.h; sourceTree = "<group>"; };
		FD293E87154A30F5009DF377 /* ALDSimpleBannerController.m */ = {isa = PBXFileReference; lastKnownFileType = sourcecode.c.objc; path = ALDSimpleBannerController.m; sourceTree = "<group>"; };
		FD293E8A154A30F5009DF377 /* en */ = {isa = PBXFileReference; lastKnownFileType = file.xib; name = en; path = en.lproj/ALDSimpleBannerController.xib; sourceTree = "<group>"; };
		FDD35A421756B5540002CF85 /* StoreKit.framework */ = {isa = PBXFileReference; lastKnownFileType = wrapper.framework; name = StoreKit.framework; path = System/Library/Frameworks/StoreKit.framework; sourceTree = SDKROOT; };
/* End PBXFileReference section */

/* Begin PBXFrameworksBuildPhase section */
		FD293E6D154A30F5009DF377 /* Frameworks */ = {
			isa = PBXFrameworksBuildPhase;
			buildActionMask = 2147483647;
			files = (
				FD25788117C69E1300C9D706 /* MediaPlayer.framework in Frameworks */,
				FD232688166FD60700E01C0B /* AdSupport.framework in Frameworks */,
				FDD35A431756B5540002CF85 /* StoreKit.framework in Frameworks */,
				FD23268A166FD61400E01C0B /* CoreTelephony.framework in Frameworks */,
				FD232686166FD5FF00E01C0B /* SystemConfiguration.framework in Frameworks */,
				FD293E79154A30F5009DF377 /* CoreGraphics.framework in Frameworks */,
				FD293E75154A30F5009DF377 /* UIKit.framework in Frameworks */,
				FD293E77154A30F5009DF377 /* Foundation.framework in Frameworks */,
			);
			runOnlyForDeploymentPostprocessing = 0;
		};
/* End PBXFrameworksBuildPhase section */

/* Begin PBXGroup section */
		6320BB9416AE163F00A2A34F /* AdMob */ = {
			isa = PBXGroup;
			children = (
				6320BB9616AE164E00A2A34F /* Add-ons */,
				6320BBEE16AE164E00A2A34F /* GADAdMobExtras.h */,
				6320BBEF16AE164E00A2A34F /* GADAdNetworkExtras.h */,
				6320BBF016AE164E00A2A34F /* GADAdSize.h */,
				6320BBF116AE164E00A2A34F /* GADBannerView.h */,
				6320BBF216AE164E00A2A34F /* GADBannerViewDelegate.h */,
				6320BBF316AE164E00A2A34F /* GADInterstitial.h */,
				6320BBF416AE164E00A2A34F /* GADInterstitialDelegate.h */,
				6320BBF516AE164E00A2A34F /* GADRequest.h */,
				6320BBF616AE164E00A2A34F /* GADRequestError.h */,
				6320BBF816AE164E00A2A34F /* README.txt */,
			);
			name = AdMob;
			sourceTree = "<group>";
		};
		6320BB9616AE164E00A2A34F /* Add-ons */ = {
			isa = PBXGroup;
			children = (
				6320BB9716AE164E00A2A34F /* DoubleClick */,
				6320BB9D16AE164E00A2A34F /* GoogleAnalyticsiOS_2.0beta3 */,
				6320BBE416AE164E00A2A34F /* Mediation */,
				6320BBEB16AE164E00A2A34F /* Search */,
			);
			path = "Add-ons";
			sourceTree = "<group>";
		};
		6320BB9716AE164E00A2A34F /* DoubleClick */ = {
			isa = PBXGroup;
			children = (
				6320BB9816AE164E00A2A34F /* DFPBannerView.h */,
				6320BB9916AE164E00A2A34F /* DFPExtras.h */,
				6320BB9A16AE164E00A2A34F /* DFPInterstitial.h */,
				6320BB9B16AE164E00A2A34F /* GADAdSizeDelegate.h */,
				6320BB9C16AE164E00A2A34F /* GADAppEventDelegate.h */,
			);
			path = DoubleClick;
			sourceTree = "<group>";
		};
		6320BB9D16AE164E00A2A34F /* GoogleAnalyticsiOS_2.0beta3 */ = {
			isa = PBXGroup;
			children = (
				6320BB9E16AE164E00A2A34F /* Changelog.txt */,
				6320BB9F16AE164E00A2A34F /* Documentation */,
				6320BBDB16AE164E00A2A34F /* Library */,
				6320BBE316AE164E00A2A34F /* Readme.txt */,
			);
			path = GoogleAnalyticsiOS_2.0beta3;
			sourceTree = "<group>";
		};
		6320BB9F16AE164E00A2A34F /* Documentation */ = {
			isa = PBXGroup;
			children = (
				6320BBA016AE164E00A2A34F /* Classes */,
				6320BBA516AE164E00A2A34F /* css */,
				6320BBA816AE164E00A2A34F /* hierarchy.html */,
				6320BBA916AE164E00A2A34F /* img */,
				6320BBAF16AE164E00A2A34F /* index.html */,
				6320BBB016AE164E00A2A34F /* Protocols */,
			);
			path = Documentation;
			sourceTree = "<group>";
		};
		6320BBA016AE164E00A2A34F /* Classes */ = {
			isa = PBXGroup;
			children = (
				6320BBA116AE164E00A2A34F /* GAI.html */,
				6320BBA216AE164E00A2A34F /* GAITrackedViewController.html */,
				6320BBA316AE164E00A2A34F /* GAITransaction.html */,
				6320BBA416AE164E00A2A34F /* GAITransactionItem.html */,
			);
			path = Classes;
			sourceTree = "<group>";
		};
		6320BBA516AE164E00A2A34F /* css */ = {
			isa = PBXGroup;
			children = (
				6320BBA616AE164E00A2A34F /* styles.css */,
				6320BBA716AE164E00A2A34F /* stylesPrint.css */,
			);
			path = css;
			sourceTree = "<group>";
		};
		6320BBA916AE164E00A2A34F /* img */ = {
			isa = PBXGroup;
			children = (
				6320BBAA16AE164E00A2A34F /* button_bar_background.png */,
				6320BBAB16AE164E00A2A34F /* disclosure.png */,
				6320BBAC16AE164E00A2A34F /* disclosure_open.png */,
				6320BBAD16AE164E00A2A34F /* library_background.png */,
				6320BBAE16AE164E00A2A34F /* title_background.png */,
			);
			path = img;
			sourceTree = "<group>";
		};
		6320BBB016AE164E00A2A34F /* Protocols */ = {
			isa = PBXGroup;
			children = (
				6320BBB116AE164E00A2A34F /* GAITracker.html */,
			);
			path = Protocols;
			sourceTree = "<group>";
		};
		6320BBDB16AE164E00A2A34F /* Library */ = {
			isa = PBXGroup;
			children = (
				6320BBDC16AE164E00A2A34F /* GAI.h */,
				6320BBDD16AE164E00A2A34F /* GAITrackedViewController.h */,
				6320BBDE16AE164E00A2A34F /* GAITracker.h */,
				6320BBDF16AE164E00A2A34F /* GAITransaction.h */,
				6320BBE016AE164E00A2A34F /* GAITransactionItem.h */,
				6320BBE116AE164E00A2A34F /* libGoogleAnalytics.a */,
				6320BBE216AE164E00A2A34F /* libGoogleAnalytics_debug.a */,
			);
			path = Library;
			sourceTree = "<group>";
		};
		6320BBE416AE164E00A2A34F /* Mediation */ = {
			isa = PBXGroup;
			children = (
				6320BBE516AE164E00A2A34F /* GADCustomEventBanner.h */,
				6320BBE616AE164E00A2A34F /* GADCustomEventBannerDelegate.h */,
				6320BBE716AE164E00A2A34F /* GADCustomEventExtras.h */,
				6320BBE816AE164E00A2A34F /* GADCustomEventInterstitial.h */,
				6320BBE916AE164E00A2A34F /* GADCustomEventInterstitialDelegate.h */,
				6320BBEA16AE164E00A2A34F /* GADCustomEventRequest.h */,
			);
			path = Mediation;
			sourceTree = "<group>";
		};
		6320BBEB16AE164E00A2A34F /* Search */ = {
			isa = PBXGroup;
			children = (
				6320BBEC16AE164E00A2A34F /* GADSearchBannerView.h */,
				6320BBED16AE164E00A2A34F /* GADSearchRequest.h */,
			);
			path = Search;
			sourceTree = "<group>";
		};
		6392A4FC16B32AFC0066AC15 /* headers */ = {
			isa = PBXGroup;
			children = (
				FD25788217C69E8300C9D706 /* applovin_headers_here */,
			);
			path = headers;
			sourceTree = "<group>";
		};
		FD293E65154A30F5009DF377 = {
			isa = PBXGroup;
			children = (
				FD293E7A154A30F5009DF377 /* AppLovin-iPhone-SDK-DemoApp */,
				FD293E73154A30F5009DF377 /* Frameworks */,
				FD293E71154A30F5009DF377 /* Products */,
			);
			sourceTree = "<group>";
		};
		FD293E71154A30F5009DF377 /* Products */ = {
			isa = PBXGroup;
			children = (
				FD293E70154A30F5009DF377 /* AppLovin-iPhone-SDK-DemoApp.app */,
			);
			name = Products;
			sourceTree = "<group>";
		};
		FD293E73154A30F5009DF377 /* Frameworks */ = {
			isa = PBXGroup;
			children = (
				FD25788017C69E1300C9D706 /* MediaPlayer.framework */,
				FDD35A421756B5540002CF85 /* StoreKit.framework */,
				FD232689166FD61400E01C0B /* CoreTelephony.framework */,
				FD232687166FD60700E01C0B /* AdSupport.framework */,
				FD232685166FD5FF00E01C0B /* SystemConfiguration.framework */,
				FD232682166FD5F500E01C0B /* CoreLocation.framework */,
				FD293E74154A30F5009DF377 /* UIKit.framework */,
				FD293E76154A30F5009DF377 /* Foundation.framework */,
				FD293E78154A30F5009DF377 /* CoreGraphics.framework */,
			);
			name = Frameworks;
			sourceTree = "<group>";
		};
		FD293E7A154A30F5009DF377 /* AppLovin-iPhone-SDK-DemoApp */ = {
			isa = PBXGroup;
			children = (
				FD293E83154A30F5009DF377 /* ALDAppDelegate.h */,
				FD293E84154A30F5009DF377 /* ALDAppDelegate.m */,
				FD1E5BFD154F4AFB00341290 /* ALDCustomBannerController.h */,
				FD1E5BFE154F4AFB00341290 /* ALDCustomBannerController.m */,
				FD1E5BFF154F4AFB00341290 /* ALDCustomBannerController.xib */,
				FD293E86154A30F5009DF377 /* ALDSimpleBannerController.h */,
				FD293E87154A30F5009DF377 /* ALDSimpleBannerController.m */,
				FD293E89154A30F5009DF377 /* ALDSimpleBannerController.xib */,
				632F101916A8D404005B8537 /* ALDSimpleInterstitialController.h */,
				632F101A16A8D404005B8537 /* ALDSimpleInterstitialController.m */,
				632F101B16A8D404005B8537 /* ALDSimpleInterstitialController.xib */,
				635422DF16AF43CC001F0E95 /* ALDCustomInterstitialController.h */,
				635422E016AF43CC001F0E95 /* ALDCustomInterstitialController.m */,
				635422E116AF43CC001F0E95 /* ALDCustomInterstitialController.xib */,
				6320BB9416AE163F00A2A34F /* AdMob */,
				FD5B2123165D78E300AFB4F7 /* AppLovin */,
				FD293E7B154A30F5009DF377 /* Supporting Files */,
			);
			path = "AppLovin-iPhone-SDK-DemoApp";
			sourceTree = "<group>";
		};
		FD293E7B154A30F5009DF377 /* Supporting Files */ = {
			isa = PBXGroup;
			children = (
				FD293E7C154A30F5009DF377 /* AppLovin-iPhone-SDK-DemoApp-Info.plist */,
				FD293E7D154A30F5009DF377 /* InfoPlist.strings */,
				FD293E80154A30F5009DF377 /* main.m */,
				FD293E82154A30F5009DF377 /* AppLovin-iPhone-SDK-DemoApp-Prefix.pch */,
			);
			name = "Supporting Files";
			sourceTree = "<group>";
		};
		FD5B2123165D78E300AFB4F7 /* AppLovin */ = {
			isa = PBXGroup;
			children = (
				6392A4FC16B32AFC0066AC15 /* headers */,
				FD25788417C69F0400C9D706 /* applovin_a_here */,
			);
			name = AppLovin;
			sourceTree = "<group>";
		};
/* End PBXGroup section */

/* Begin PBXNativeTarget section */
		FD293E6F154A30F5009DF377 /* AppLovin-iPhone-SDK-DemoApp */ = {
			isa = PBXNativeTarget;
			buildConfigurationList = FD293E8E154A30F5009DF377 /* Build configuration list for PBXNativeTarget "AppLovin-iPhone-SDK-DemoApp" */;
			buildPhases = (
				FD293E6C154A30F5009DF377 /* Sources */,
				FD293E6D154A30F5009DF377 /* Frameworks */,
				FD293E6E154A30F5009DF377 /* Resources */,
			);
			buildRules = (
			);
			dependencies = (
			);
			name = "AppLovin-iPhone-SDK-DemoApp";
			productName = "AppLovin-iPhone-SDK-DemoApp";
			productReference = FD293E70154A30F5009DF377 /* AppLovin-iPhone-SDK-DemoApp.app */;
			productType = "com.apple.product-type.application";
		};
/* End PBXNativeTarget section */

/* Begin PBXProject section */
		FD293E67154A30F5009DF377 /* Project object */ = {
			isa = PBXProject;
			attributes = {
				CLASSPREFIX = ALD;
				LastUpgradeCheck = 0430;
			};
			buildConfigurationList = FD293E6A154A30F5009DF377 /* Build configuration list for PBXProject "AppLovin-iPhone-SDK-DemoApp" */;
			compatibilityVersion = "Xcode 3.2";
			developmentRegion = English;
			hasScannedForEncodings = 0;
			knownRegions = (
				en,
			);
			mainGroup = FD293E65154A30F5009DF377;
			productRefGroup = FD293E71154A30F5009DF377 /* Products */;
			projectDirPath = "";
			projectRoot = "";
			targets = (
				FD293E6F154A30F5009DF377 /* AppLovin-iPhone-SDK-DemoApp */,
			);
		};
/* End PBXProject section */

/* Begin PBXResourcesBuildPhase section */
		FD293E6E154A30F5009DF377 /* Resources */ = {
			isa = PBXResourcesBuildPhase;
			buildActionMask = 2147483647;
			files = (
				FD293E7F154A30F5009DF377 /* InfoPlist.strings in Resources */,
				FD293E8B154A30F5009DF377 /* ALDSimpleBannerController.xib in Resources */,
				FD1E5C01154F4AFB00341290 /* ALDCustomBannerController.xib in Resources */,
				632F101C16A8D404005B8537 /* ALDSimpleInterstitialController.m in Resources */,
				632F101D16A8D404005B8537 /* ALDSimpleInterstitialController.xib in Resources */,
				635422E316AF43CC001F0E95 /* ALDCustomInterstitialController.xib in Resources */,
				FD25788317C69E8300C9D706 /* applovin_headers_here in Resources */,
				FD25788517C69F0400C9D706 /* applovin_a_here in Resources */,
			);
			runOnlyForDeploymentPostprocessing = 0;
		};
/* End PBXResourcesBuildPhase section */

/* Begin PBXSourcesBuildPhase section */
		FD293E6C154A30F5009DF377 /* Sources */ = {
			isa = PBXSourcesBuildPhase;
			buildActionMask = 2147483647;
			files = (
				632F102616A8D5B8005B8537 /* ALDAppDelegate.h in Sources */,
				632F102716A8D5B8005B8537 /* ALDCustomBannerController.h in Sources */,
				632F102816A8D5B8005B8537 /* ALDCustomBannerController.xib in Sources */,
				632F102916A8D5B8005B8537 /* ALDSimpleBannerController.h in Sources */,
				632F102A16A8D5B8005B8537 /* ALDSimpleInterstitialController.h in Sources */,
				632F102B16A8D5B8005B8537 /* ALDSimpleInterstitialController.m in Sources */,
				632F102C16A8D5B8005B8537 /* ALDSimpleInterstitialController.xib in Sources */,
				FD293E81154A30F5009DF377 /* main.m in Sources */,
				FD293E85154A30F5009DF377 /* ALDAppDelegate.m in Sources */,
				FD293E88154A30F5009DF377 /* ALDSimpleBannerController.m in Sources */,
				FD1E5C00154F4AFB00341290 /* ALDCustomBannerController.m in Sources */,
				635422E216AF43CC001F0E95 /* ALDCustomInterstitialController.m in Sources */,
			);
			runOnlyForDeploymentPostprocessing = 0;
		};
/* End PBXSourcesBuildPhase section */

/* Begin PBXVariantGroup section */
		FD293E7D154A30F5009DF377 /* InfoPlist.strings */ = {
			isa = PBXVariantGroup;
			children = (
				FD293E7E154A30F5009DF377 /* en */,
			);
			name = InfoPlist.strings;
			sourceTree = "<group>";
		};
		FD293E89154A30F5009DF377 /* ALDSimpleBannerController.xib */ = {
			isa = PBXVariantGroup;
			children = (
				FD293E8A154A30F5009DF377 /* en */,
			);
			name = ALDSimpleBannerController.xib;
			sourceTree = "<group>";
		};
/* End PBXVariantGroup section */

/* Begin XCBuildConfiguration section */
		FD293E8C154A30F5009DF377 /* Debug */ = {
			isa = XCBuildConfiguration;
			buildSettings = {
				ALWAYS_SEARCH_USER_PATHS = NO;
				ARCHS = "$(ARCHS_STANDARD_32_BIT)";
				CLANG_ENABLE_OBJC_ARC = YES;
				"CODE_SIGN_IDENTITY[sdk=iphoneos*]" = "iPhone Developer";
				COPY_PHASE_STRIP = NO;
				GCC_C_LANGUAGE_STANDARD = gnu99;
				GCC_DYNAMIC_NO_PIC = NO;
				GCC_OPTIMIZATION_LEVEL = 0;
				GCC_PREPROCESSOR_DEFINITIONS = (
					"DEBUG=1",
					"$(inherited)",
				);
				GCC_SYMBOLS_PRIVATE_EXTERN = NO;
				GCC_VERSION = com.apple.compilers.llvm.clang.1_0;
				GCC_WARN_ABOUT_RETURN_TYPE = YES;
				GCC_WARN_UNINITIALIZED_AUTOS = YES;
				GCC_WARN_UNUSED_VARIABLE = YES;
				IPHONEOS_DEPLOYMENT_TARGET = 5.1;
				OTHER_LDFLAGS = "-all_load";
				SDKROOT = iphoneos;
			};
			name = Debug;
		};
		FD293E8D154A30F5009DF377 /* Release */ = {
			isa = XCBuildConfiguration;
			buildSettings = {
				ALWAYS_SEARCH_USER_PATHS = NO;
				ARCHS = "$(ARCHS_STANDARD_32_BIT)";
				CLANG_ENABLE_OBJC_ARC = YES;
				"CODE_SIGN_IDENTITY[sdk=iphoneos*]" = "iPhone Developer";
				COPY_PHASE_STRIP = YES;
				GCC_C_LANGUAGE_STANDARD = gnu99;
				GCC_VERSION = com.apple.compilers.llvm.clang.1_0;
				GCC_WARN_ABOUT_RETURN_TYPE = YES;
				GCC_WARN_UNINITIALIZED_AUTOS = YES;
				GCC_WARN_UNUSED_VARIABLE = YES;
				IPHONEOS_DEPLOYMENT_TARGET = 5.1;
				OTHER_CFLAGS = "-DNS_BLOCK_ASSERTIONS=1";
				OTHER_LDFLAGS = "-all_load";
				SDKROOT = iphoneos;
				VALIDATE_PRODUCT = YES;
			};
			name = Release;
		};
		FD293E8F154A30F5009DF377 /* Debug */ = {
			isa = XCBuildConfiguration;
			buildSettings = {
				CODE_SIGN_IDENTITY = "iPhone Developer";
				GCC_PRECOMPILE_PREFIX_HEADER = YES;
				GCC_PREFIX_HEADER = "AppLovin-iPhone-SDK-DemoApp/AppLovin-iPhone-SDK-DemoApp-Prefix.pch";
				INFOPLIST_FILE = "AppLovin-iPhone-SDK-DemoApp/AppLovin-iPhone-SDK-DemoApp-Info.plist";
				LIBRARY_SEARCH_PATHS = "$(inherited)";
				OTHER_LDFLAGS = (
					"-all_load",
					"-ObjC",
				);
				PRODUCT_NAME = "$(TARGET_NAME)";
				PROVISIONING_PROFILE = "";
				WRAPPER_EXTENSION = app;
			};
			name = Debug;
		};
		FD293E90154A30F5009DF377 /* Release */ = {
			isa = XCBuildConfiguration;
			buildSettings = {
				CODE_SIGN_IDENTITY = "iPhone Developer";
				GCC_PRECOMPILE_PREFIX_HEADER = YES;
				GCC_PREFIX_HEADER = "AppLovin-iPhone-SDK-DemoApp/AppLovin-iPhone-SDK-DemoApp-Prefix.pch";
				INFOPLIST_FILE = "AppLovin-iPhone-SDK-DemoApp/AppLovin-iPhone-SDK-DemoApp-Info.plist";
				LIBRARY_SEARCH_PATHS = "$(inherited)";
				OTHER_LDFLAGS = (
					"-all_load",
					"-ObjC",
				);
				PRODUCT_NAME = "$(TARGET_NAME)";
				PROVISIONING_PROFILE = "";
				WRAPPER_EXTENSION = app;
			};
			name = Release;
		};
/* End XCBuildConfiguration section */

/* Begin XCConfigurationList section */
		FD293E6A154A30F5009DF377 /* Build configuration list for PBXProject "AppLovin-iPhone-SDK-DemoApp" */ = {
			isa = XCConfigurationList;
			buildConfigurations = (
				FD293E8C154A30F5009DF377 /* Debug */,
				FD293E8D154A30F5009DF377 /* Release */,
			);
			defaultConfigurationIsVisible = 0;
			defaultConfigurationName = Release;
		};
		FD293E8E154A30F5009DF377 /* Build configuration list for PBXNativeTarget "AppLovin-iPhone-SDK-DemoApp" */ = {
			isa = XCConfigurationList;
			buildConfigurations = (
				FD293E8F154A30F5009DF377 /* Debug */,
				FD293E90154A30F5009DF377 /* Release */,
			);
			defaultConfigurationIsVisible = 0;
			defaultConfigurationName = Release;
		};
/* End XCConfigurationList section */
	};
	rootObject = FD293E67154A30F5009DF377 /* Project object */;
}
